
Microsoft Visual Studio Solution File, Format Version 12.00
# Visual Studio Version 16
VisualStudioVersion = 16.0.30517.126
MinimumVisualStudioVersion = 10.0.40219.1
Project("{FAE04EC0-301F-11D3-BF4B-00C04F79EFBC}") = "MartinKursus3.Android", "MartinKursus3.Android\MartinKursus3.Android.csproj", "{6ABE7907-8397-4F60-88E7-99635867E498}"
EndProject
Project("{FAE04EC0-301F-11D3-BF4B-00C04F79EFBC}") = "MartinKursus3.iOS", "MartinKursus3.iOS\MartinKursus3.iOS.csproj", "{58B0AE68-2EAA-4881-A30A-203E65FBD7C5}"
EndProject
Project("{FAE04EC0-301F-11D3-BF4B-00C04F79EFBC}") = "MartinKursus3", "MartinKursus3\MartinKursus3.csproj", "{B755CF40-0D42-405D-B486-38C2A297594A}"
EndProject
Global
	GlobalSection(SolutionConfigurationPlatforms) = preSolution
		Debug|Any CPU = Debug|Any CPU
		Debug|iPhone = Debug|iPhone
		Debug|iPhoneSimulator = Debug|iPhoneSimulator
		Release|Any CPU = Release|Any CPU
		Release|iPhone = Release|iPhone
		Release|iPhoneSimulator = Release|iPhoneSimulator
	EndGlobalSection
	GlobalSection(ProjectConfigurationPlatforms) = postSolution
		{6ABE7907-8397-4F60-88E7-99635867E498}.Debug|Any CPU.ActiveCfg = Debug|Any CPU
		{6ABE7907-8397-4F60-88E7-99635867E498}.Debug|Any CPU.Build.0 = Debug|Any CPU
		{6ABE7907-8397-4F60-88E7-99635867E498}.Debug|Any CPU.Deploy.0 = Debug|Any CPU
		{6ABE7907-8397-4F60-88E7-99635867E498}.Debug|iPhone.ActiveCfg = Debug|Any CPU
		{6ABE7907-8397-4F60-88E7-99635867E498}.Debug|iPhone.Build.0 = Debug|Any CPU
		{6ABE7907-8397-4F60-88E7-99635867E498}.Debug|iPhone.Deploy.0 = Debug|Any CPU
		{6ABE7907-8397-4F60-88E7-99635867E498}.Debug|iPhoneSimulator.ActiveCfg = Debug|Any CPU
		{6ABE7907-8397-4F60-88E7-99635867E498}.Debug|iPhoneSimulator.Build.0 = Debug|Any CPU
		{6ABE7907-8397-4F60-88E7-99635867E498}.Debug|iPhoneSimulator.Deploy.0 = Debug|Any CPU
		{6ABE7907-8397-4F60-88E7-99635867E498}.Release|Any CPU.ActiveCfg = Release|Any CPU
		{6ABE7907-8397-4F60-88E7-99635867E498}.Release|Any CPU.Build.0 = Release|Any CPU
		{6ABE7907-8397-4F60-88E7-99635867E498}.Release|Any CPU.Deploy.0 = Release|Any CPU
		{6ABE7907-8397-4F60-88E7-99635867E498}.Release|iPhone.ActiveCfg = Release|Any CPU
		{6ABE7907-8397-4F60-88E7-99635867E498}.Release|iPhone.Build.0 = Release|Any CPU
		{6ABE7907-8397-4F60-88E7-99635867E498}.Release|iPhone.Deploy.0 = Release|Any CPU
		{6ABE7907-8397-4F60-88E7-99635867E498}.Release|iPhoneSimulator.ActiveCfg = Release|Any CPU
		{6ABE7907-8397-4F60-88E7-99635867E498}.Release|iPhoneSimulator.Build.0 = Release|Any CPU
		{6ABE7907-8397-4F60-88E7-99635867E498}.Release|iPhoneSimulator.Deploy.0 = Release|Any CPU
		{58B0AE68-2EAA-4881-A30A-203E65FBD7C5}.Debug|Any CPU.ActiveCfg = Debug|iPhone
		{58B0AE68-2EAA-4881-A30A-203E65FBD7C5}.Debug|Any CPU.Build.0 = Debug|iPhone
		{58B0AE68-2EAA-4881-A30A-203E65FBD7C5}.Debug|Any CPU.Deploy.0 = Debug|iPhone
		{58B0AE68-2EAA-4881-A30A-203E65FBD7C5}.Debug|iPhone.ActiveCfg = Debug|iPhone
		{58B0AE68-2EAA-4881-A30A-203E65FBD7C5}.Debug|iPhone.Build.0 = Debug|iPhone
		{58B0AE68-2EAA-4881-A30A-203E65FBD7C5}.Debug|iPhone.Deploy.0 = Debug|iPhone
		{58B0AE68-2EAA-4881-A30A-203E65FBD7C5}.Debug|iPhoneSimulator.ActiveCfg = Debug|iPhoneSimulator
		{58B0AE68-2EAA-4881-A30A-203E65FBD7C5}.Debug|iPhoneSimulator.Build.0 = Debug|iPhoneSimulator
		{58B0AE68-2EAA-4881-A30A-203E65FBD7C5}.Debug|iPhoneSimulator.Deploy.0 = Debug|iPhoneSimulator
		{58B0AE68-2EAA-4881-A30A-203E65FBD7C5}.Release|Any CPU.ActiveCfg = Release|iPhoneSimulator
		{58B0AE68-2EAA-4881-A30A-203E65FBD7C5}.Release|Any CPU.Build.0 = Release|iPhoneSimulator
		{58B0AE68-2EAA-4881-A30A-203E65FBD7C5}.Release|Any CPU.Deploy.0 = Release|iPhoneSimulator
		{58B0AE68-2EAA-4881-A30A-203E65FBD7C5}.Release|iPhone.ActiveCfg = Release|iPhone
		{58B0AE68-2EAA-4881-A30A-203E65FBD7C5}.Release|iPhone.Build.0 = Release|iPhone
		{58B0AE68-2EAA-4881-A30A-203E65FBD7C5}.Release|iPhone.Deploy.0 = Release|iPhone
		{58B0AE68-2EAA-4881-A30A-203E65FBD7C5}.Release|iPhoneSimulator.ActiveCfg = Release|iPhoneSimulator
		{58B0AE68-2EAA-4881-A30A-203E65FBD7C5}.Release|iPhoneSimulator.Build.0 = Release|iPhoneSimulator
		{58B0AE68-2EAA-4881-A30A-203E65FBD7C5}.Release|iPhoneSimulator.Deploy.0 = Release|iPhoneSimulator
		{B755CF40-0D42-405D-B486-38C2A297594A}.Debug|Any CPU.ActiveCfg = Debug|Any CPU
		{B755CF40-0D42-405D-B486-38C2A297594A}.Debug|Any CPU.Build.0 = Debug|Any CPU
		{B755CF40-0D42-405D-B486-38C2A297594A}.Debug|Any CPU.Deploy.0 = Debug|Any CPU
		{B755CF40-0D42-405D-B486-38C2A297594A}.Debug|iPhone.ActiveCfg = Debug|Any CPU
		{B755CF40-0D42-405D-B486-38C2A297594A}.Debug|iPhone.Build.0 = Debug|Any CPU
		{B755CF40-0D42-405D-B486-38C2A297594A}.Debug|iPhone.Deploy.0 = Debug|Any CPU
		{B755CF40-0D42-405D-B486-38C2A297594A}.Debug|iPhoneSimulator.ActiveCfg = Debug|Any CPU
		{B755CF40-0D42-405D-B486-38C2A297594A}.Debug|iPhoneSimulator.Build.0 = Debug|Any CPU
		{B755CF40-0D42-405D-B486-38C2A297594A}.Debug|iPhoneSimulator.Deploy.0 = Debug|Any CPU
		{B755CF40-0D42-405D-B486-38C2A297594A}.Release|Any CPU.ActiveCfg = Release|Any CPU
		{B755CF40-0D42-405D-B486-38C2A297594A}.Release|Any CPU.Build.0 = Release|Any CPU
		{B755CF40-0D42-405D-B486-38C2A297594A}.Release|Any CPU.Deploy.0 = Release|Any CPU
		{B755CF40-0D42-405D-B486-38C2A297594A}.Release|iPhone.ActiveCfg = Release|Any CPU
		{B755CF40-0D42-405D-B486-38C2A297594A}.Release|iPhone.Build.0 = Release|Any CPU
		{B755CF40-0D42-405D-B486-38C2A297594A}.Release|iPhone.Deploy.0 = Release|Any CPU
		{B755CF40-0D42-405D-B486-38C2A297594A}.Release|iPhoneSimulator.ActiveCfg = Release|Any CPU
		{B755CF40-0D42-405D-B486-38C2A297594A}.Release|iPhoneSimulator.Build.0 = Release|Any CPU
		{B755CF40-0D42-405D-B486-38C2A297594A}.Release|iPhoneSimulator.Deploy.0 = Release|Any CPU
	EndGlobalSection
	GlobalSection(SolutionProperties) = preSolution
		HideSolutionNode = FALSE
	EndGlobalSection
	GlobalSection(ExtensibilityGlobals) = postSolution
		SolutionGuid = {1F4B2ED8-642B-4CC4-A0B8-0F344AC3D5FB}
	EndGlobalSection
EndGlobal
