
Microsoft Visual Studio Solution File, Format Version 12.00
# Visual Studio Version 16
VisualStudioVersion = 16.0.30503.244
MinimumVisualStudioVersion = 10.0.40219.1
Project("{FAE04EC0-301F-11D3-BF4B-00C04F79EFBC}") = "IntegrationTest", "IntegrationTest\IntegrationTest.csproj", "{3F9528C7-712E-4A4C-B995-979BFF753528}"
EndProject
Global
	GlobalSection(SolutionConfigurationPlatforms) = preSolution
		Debug|Any CPU = Debug|Any CPU
		Release|Any CPU = Release|Any CPU
	EndGlobalSection
	GlobalSection(ProjectConfigurationPlatforms) = postSolution
		{3F9528C7-712E-4A4C-B995-979BFF753528}.Debug|Any CPU.ActiveCfg = Debug|Any CPU
		{3F9528C7-712E-4A4C-B995-979BFF753528}.Debug|Any CPU.Build.0 = Debug|Any CPU
		{3F9528C7-712E-4A4C-B995-979BFF753528}.Release|Any CPU.ActiveCfg = Release|Any CPU
		{3F9528C7-712E-4A4C-B995-979BFF753528}.Release|Any CPU.Build.0 = Release|Any CPU
	EndGlobalSection
	GlobalSection(SolutionProperties) = preSolution
		HideSolutionNode = FALSE
	EndGlobalSection
	GlobalSection(ExtensibilityGlobals) = postSolution
		SolutionGuid = {1CA17A34-BCE4-43FB-9E5B-B0860F5B33C2}
	EndGlobalSection
EndGlobal
