
Microsoft Visual Studio Solution File, Format Version 12.00
# Visual Studio Version 16
VisualStudioVersion = 16.0.30503.244
MinimumVisualStudioVersion = 10.0.40219.1
Project("{FAE04EC0-301F-11D3-BF4B-00C04F79EFBC}") = "MainProgram", "..\MainProgram\MainProgram.csproj", "{B0A821EE-D58D-49F7-8392-6FAD319C4126}"
EndProject
Global
	GlobalSection(SolutionConfigurationPlatforms) = preSolution
		Debug|Any CPU = Debug|Any CPU
		Release|Any CPU = Release|Any CPU
	EndGlobalSection
	GlobalSection(ProjectConfigurationPlatforms) = postSolution
		{B0A821EE-D58D-49F7-8392-6FAD319C4126}.Debug|Any CPU.ActiveCfg = Debug|Any CPU
		{B0A821EE-D58D-49F7-8392-6FAD319C4126}.Debug|Any CPU.Build.0 = Debug|Any CPU
		{B0A821EE-D58D-49F7-8392-6FAD319C4126}.Release|Any CPU.ActiveCfg = Release|Any CPU
		{B0A821EE-D58D-49F7-8392-6FAD319C4126}.Release|Any CPU.Build.0 = Release|Any CPU
	EndGlobalSection
	GlobalSection(SolutionProperties) = preSolution
		HideSolutionNode = FALSE
	EndGlobalSection
	GlobalSection(ExtensibilityGlobals) = postSolution
		SolutionGuid = {AC860D45-CC32-4E30-9C8E-4B9E2A62D937}
	EndGlobalSection
EndGlobal
