
Microsoft Visual Studio Solution File, Format Version 12.00
# Visual Studio Version 16
VisualStudioVersion = 16.0.30523.141
MinimumVisualStudioVersion = 10.0.40219.1
Project("{FAE04EC0-301F-11D3-BF4B-00C04F79EFBC}") = "TurfTankRegistrationApplication.Android", "TurfTankRegistrationApplication.Android\TurfTankRegistrationApplication.Android.csproj", "{96A1A9A2-A5C5-4E50-B933-5140B8F729BA}"
EndProject
Project("{FAE04EC0-301F-11D3-BF4B-00C04F79EFBC}") = "TurfTankRegistrationApplication.iOS", "TurfTankRegistrationApplication.iOS\TurfTankRegistrationApplication.iOS.csproj", "{A6EF990B-AFC6-429C-A78F-4E7DD81E9A81}"
EndProject
Project("{FAE04EC0-301F-11D3-BF4B-00C04F79EFBC}") = "TurfTankRegistrationApplication", "TurfTankRegistrationApplication\TurfTankRegistrationApplication.csproj", "{D43FC160-3D2F-47A4-A3F3-69518987B7E4}"
EndProject
Global
	GlobalSection(SolutionConfigurationPlatforms) = preSolution
		Debug|Any CPU = Debug|Any CPU
		Debug|iPhone = Debug|iPhone
		Debug|iPhoneSimulator = Debug|iPhoneSimulator
		Release|Any CPU = Release|Any CPU
		Release|iPhone = Release|iPhone
		Release|iPhoneSimulator = Release|iPhoneSimulator
	EndGlobalSection
	GlobalSection(ProjectConfigurationPlatforms) = postSolution
		{96A1A9A2-A5C5-4E50-B933-5140B8F729BA}.Debug|Any CPU.ActiveCfg = Debug|Any CPU
		{96A1A9A2-A5C5-4E50-B933-5140B8F729BA}.Debug|Any CPU.Build.0 = Debug|Any CPU
		{96A1A9A2-A5C5-4E50-B933-5140B8F729BA}.Debug|Any CPU.Deploy.0 = Debug|Any CPU
		{96A1A9A2-A5C5-4E50-B933-5140B8F729BA}.Debug|iPhone.ActiveCfg = Debug|Any CPU
		{96A1A9A2-A5C5-4E50-B933-5140B8F729BA}.Debug|iPhone.Build.0 = Debug|Any CPU
		{96A1A9A2-A5C5-4E50-B933-5140B8F729BA}.Debug|iPhone.Deploy.0 = Debug|Any CPU
		{96A1A9A2-A5C5-4E50-B933-5140B8F729BA}.Debug|iPhoneSimulator.ActiveCfg = Debug|Any CPU
		{96A1A9A2-A5C5-4E50-B933-5140B8F729BA}.Debug|iPhoneSimulator.Build.0 = Debug|Any CPU
		{96A1A9A2-A5C5-4E50-B933-5140B8F729BA}.Debug|iPhoneSimulator.Deploy.0 = Debug|Any CPU
		{96A1A9A2-A5C5-4E50-B933-5140B8F729BA}.Release|Any CPU.ActiveCfg = Release|Any CPU
		{96A1A9A2-A5C5-4E50-B933-5140B8F729BA}.Release|Any CPU.Build.0 = Release|Any CPU
		{96A1A9A2-A5C5-4E50-B933-5140B8F729BA}.Release|Any CPU.Deploy.0 = Release|Any CPU
		{96A1A9A2-A5C5-4E50-B933-5140B8F729BA}.Release|iPhone.ActiveCfg = Release|Any CPU
		{96A1A9A2-A5C5-4E50-B933-5140B8F729BA}.Release|iPhone.Build.0 = Release|Any CPU
		{96A1A9A2-A5C5-4E50-B933-5140B8F729BA}.Release|iPhone.Deploy.0 = Release|Any CPU
		{96A1A9A2-A5C5-4E50-B933-5140B8F729BA}.Release|iPhoneSimulator.ActiveCfg = Release|Any CPU
		{96A1A9A2-A5C5-4E50-B933-5140B8F729BA}.Release|iPhoneSimulator.Build.0 = Release|Any CPU
		{96A1A9A2-A5C5-4E50-B933-5140B8F729BA}.Release|iPhoneSimulator.Deploy.0 = Release|Any CPU
		{A6EF990B-AFC6-429C-A78F-4E7DD81E9A81}.Debug|Any CPU.ActiveCfg = Debug|iPhone
		{A6EF990B-AFC6-429C-A78F-4E7DD81E9A81}.Debug|Any CPU.Build.0 = Debug|iPhone
		{A6EF990B-AFC6-429C-A78F-4E7DD81E9A81}.Debug|Any CPU.Deploy.0 = Debug|iPhone
		{A6EF990B-AFC6-429C-A78F-4E7DD81E9A81}.Debug|iPhone.ActiveCfg = Debug|iPhone
		{A6EF990B-AFC6-429C-A78F-4E7DD81E9A81}.Debug|iPhone.Build.0 = Debug|iPhone
		{A6EF990B-AFC6-429C-A78F-4E7DD81E9A81}.Debug|iPhone.Deploy.0 = Debug|iPhone
		{A6EF990B-AFC6-429C-A78F-4E7DD81E9A81}.Debug|iPhoneSimulator.ActiveCfg = Debug|iPhoneSimulator
		{A6EF990B-AFC6-429C-A78F-4E7DD81E9A81}.Debug|iPhoneSimulator.Build.0 = Debug|iPhoneSimulator
		{A6EF990B-AFC6-429C-A78F-4E7DD81E9A81}.Debug|iPhoneSimulator.Deploy.0 = Debug|iPhoneSimulator
		{A6EF990B-AFC6-429C-A78F-4E7DD81E9A81}.Release|Any CPU.ActiveCfg = Release|iPhoneSimulator
		{A6EF990B-AFC6-429C-A78F-4E7DD81E9A81}.Release|Any CPU.Build.0 = Release|iPhoneSimulator
		{A6EF990B-AFC6-429C-A78F-4E7DD81E9A81}.Release|Any CPU.Deploy.0 = Release|iPhoneSimulator
		{A6EF990B-AFC6-429C-A78F-4E7DD81E9A81}.Release|iPhone.ActiveCfg = Release|iPhone
		{A6EF990B-AFC6-429C-A78F-4E7DD81E9A81}.Release|iPhone.Build.0 = Release|iPhone
		{A6EF990B-AFC6-429C-A78F-4E7DD81E9A81}.Release|iPhone.Deploy.0 = Release|iPhone
		{A6EF990B-AFC6-429C-A78F-4E7DD81E9A81}.Release|iPhoneSimulator.ActiveCfg = Release|iPhoneSimulator
		{A6EF990B-AFC6-429C-A78F-4E7DD81E9A81}.Release|iPhoneSimulator.Build.0 = Release|iPhoneSimulator
		{A6EF990B-AFC6-429C-A78F-4E7DD81E9A81}.Release|iPhoneSimulator.Deploy.0 = Release|iPhoneSimulator
		{D43FC160-3D2F-47A4-A3F3-69518987B7E4}.Debug|Any CPU.ActiveCfg = Debug|Any CPU
		{D43FC160-3D2F-47A4-A3F3-69518987B7E4}.Debug|Any CPU.Build.0 = Debug|Any CPU
		{D43FC160-3D2F-47A4-A3F3-69518987B7E4}.Debug|Any CPU.Deploy.0 = Debug|Any CPU
		{D43FC160-3D2F-47A4-A3F3-69518987B7E4}.Debug|iPhone.ActiveCfg = Debug|Any CPU
		{D43FC160-3D2F-47A4-A3F3-69518987B7E4}.Debug|iPhone.Build.0 = Debug|Any CPU
		{D43FC160-3D2F-47A4-A3F3-69518987B7E4}.Debug|iPhone.Deploy.0 = Debug|Any CPU
		{D43FC160-3D2F-47A4-A3F3-69518987B7E4}.Debug|iPhoneSimulator.ActiveCfg = Debug|Any CPU
		{D43FC160-3D2F-47A4-A3F3-69518987B7E4}.Debug|iPhoneSimulator.Build.0 = Debug|Any CPU
		{D43FC160-3D2F-47A4-A3F3-69518987B7E4}.Debug|iPhoneSimulator.Deploy.0 = Debug|Any CPU
		{D43FC160-3D2F-47A4-A3F3-69518987B7E4}.Release|Any CPU.ActiveCfg = Release|Any CPU
		{D43FC160-3D2F-47A4-A3F3-69518987B7E4}.Release|Any CPU.Build.0 = Release|Any CPU
		{D43FC160-3D2F-47A4-A3F3-69518987B7E4}.Release|Any CPU.Deploy.0 = Release|Any CPU
		{D43FC160-3D2F-47A4-A3F3-69518987B7E4}.Release|iPhone.ActiveCfg = Release|Any CPU
		{D43FC160-3D2F-47A4-A3F3-69518987B7E4}.Release|iPhone.Build.0 = Release|Any CPU
		{D43FC160-3D2F-47A4-A3F3-69518987B7E4}.Release|iPhone.Deploy.0 = Release|Any CPU
		{D43FC160-3D2F-47A4-A3F3-69518987B7E4}.Release|iPhoneSimulator.ActiveCfg = Release|Any CPU
		{D43FC160-3D2F-47A4-A3F3-69518987B7E4}.Release|iPhoneSimulator.Build.0 = Release|Any CPU
		{D43FC160-3D2F-47A4-A3F3-69518987B7E4}.Release|iPhoneSimulator.Deploy.0 = Release|Any CPU
	EndGlobalSection
	GlobalSection(SolutionProperties) = preSolution
		HideSolutionNode = FALSE
	EndGlobalSection
	GlobalSection(ExtensibilityGlobals) = postSolution
		SolutionGuid = {179C8305-555E-4659-AF96-F148B579A9FC}
	EndGlobalSection
EndGlobal
