Microsoft Visual Studio Solution File, Format Version 12.00
# Visual Studio Version 16
VisualStudioVersion = 16.0.30621.155
MinimumVisualStudioVersion = 10.0.40219.1
Project("{9A19103F-16F7-4668-BE54-9A1E7A4F7556}") = "saxjaxTryingToTest", "saxjaxTryingToTest\saxjaxTryingToTest.csproj", "{3CFEF7CB-572C-416B-889A-5E97E34BF14C}"
EndProject
Project("{9A19103F-16F7-4668-BE54-9A1E7A4F7556}") = "UnitTest", "UnitTest\UnitTest.csproj", "{7239894C-FCD7-4A0A-929D-24F437DA5BD9}"
EndProject
Project("{9A19103F-16F7-4668-BE54-9A1E7A4F7556}") = "Unittest2", "Unittest2\Unittest2.csproj", "{16A67AE5-55D1-4D62-B595-D18882C7225E}"
EndProject
Global
	GlobalSection(SolutionConfigurationPlatforms) = preSolution
		Debug|Any CPU = Debug|Any CPU
		Debug|iPhone = Debug|iPhone
		Debug|iPhoneSimulator = Debug|iPhoneSimulator
		Release|Any CPU = Release|Any CPU
		Release|iPhone = Release|iPhone
		Release|iPhoneSimulator = Release|iPhoneSimulator
	EndGlobalSection
	GlobalSection(ProjectConfigurationPlatforms) = postSolution
		{3CFEF7CB-572C-416B-889A-5E97E34BF14C}.Debug|Any CPU.ActiveCfg = Debug|Any CPU
		{3CFEF7CB-572C-416B-889A-5E97E34BF14C}.Debug|Any CPU.Build.0 = Debug|Any CPU
		{3CFEF7CB-572C-416B-889A-5E97E34BF14C}.Debug|iPhone.ActiveCfg = Debug|Any CPU
		{3CFEF7CB-572C-416B-889A-5E97E34BF14C}.Debug|iPhone.Build.0 = Debug|Any CPU
		{3CFEF7CB-572C-416B-889A-5E97E34BF14C}.Debug|iPhoneSimulator.ActiveCfg = Debug|Any CPU
		{3CFEF7CB-572C-416B-889A-5E97E34BF14C}.Debug|iPhoneSimulator.Build.0 = Debug|Any CPU
		{3CFEF7CB-572C-416B-889A-5E97E34BF14C}.Release|Any CPU.ActiveCfg = Release|Any CPU
		{3CFEF7CB-572C-416B-889A-5E97E34BF14C}.Release|Any CPU.Build.0 = Release|Any CPU
		{3CFEF7CB-572C-416B-889A-5E97E34BF14C}.Release|iPhone.ActiveCfg = Release|Any CPU
		{3CFEF7CB-572C-416B-889A-5E97E34BF14C}.Release|iPhone.Build.0 = Release|Any CPU
		{3CFEF7CB-572C-416B-889A-5E97E34BF14C}.Release|iPhoneSimulator.ActiveCfg = Release|Any CPU
		{3CFEF7CB-572C-416B-889A-5E97E34BF14C}.Release|iPhoneSimulator.Build.0 = Release|Any CPU
		{7239894C-FCD7-4A0A-929D-24F437DA5BD9}.Debug|Any CPU.ActiveCfg = Debug|Any CPU
		{7239894C-FCD7-4A0A-929D-24F437DA5BD9}.Debug|Any CPU.Build.0 = Debug|Any CPU
		{7239894C-FCD7-4A0A-929D-24F437DA5BD9}.Debug|iPhone.ActiveCfg = Debug|Any CPU
		{7239894C-FCD7-4A0A-929D-24F437DA5BD9}.Debug|iPhone.Build.0 = Debug|Any CPU
		{7239894C-FCD7-4A0A-929D-24F437DA5BD9}.Debug|iPhoneSimulator.ActiveCfg = Debug|Any CPU
		{7239894C-FCD7-4A0A-929D-24F437DA5BD9}.Debug|iPhoneSimulator.Build.0 = Debug|Any CPU
		{7239894C-FCD7-4A0A-929D-24F437DA5BD9}.Release|Any CPU.ActiveCfg = Release|Any CPU
		{7239894C-FCD7-4A0A-929D-24F437DA5BD9}.Release|Any CPU.Build.0 = Release|Any CPU
		{7239894C-FCD7-4A0A-929D-24F437DA5BD9}.Release|iPhone.ActiveCfg = Release|Any CPU
		{7239894C-FCD7-4A0A-929D-24F437DA5BD9}.Release|iPhone.Build.0 = Release|Any CPU
		{7239894C-FCD7-4A0A-929D-24F437DA5BD9}.Release|iPhoneSimulator.ActiveCfg = Release|Any CPU
		{7239894C-FCD7-4A0A-929D-24F437DA5BD9}.Release|iPhoneSimulator.Build.0 = Release|Any CPU
		{16A67AE5-55D1-4D62-B595-D18882C7225E}.Debug|Any CPU.ActiveCfg = Debug|Any CPU
		{16A67AE5-55D1-4D62-B595-D18882C7225E}.Debug|Any CPU.Build.0 = Debug|Any CPU
		{16A67AE5-55D1-4D62-B595-D18882C7225E}.Debug|iPhone.ActiveCfg = Debug|Any CPU
		{16A67AE5-55D1-4D62-B595-D18882C7225E}.Debug|iPhone.Build.0 = Debug|Any CPU
		{16A67AE5-55D1-4D62-B595-D18882C7225E}.Debug|iPhoneSimulator.ActiveCfg = Debug|Any CPU
		{16A67AE5-55D1-4D62-B595-D18882C7225E}.Debug|iPhoneSimulator.Build.0 = Debug|Any CPU
		{16A67AE5-55D1-4D62-B595-D18882C7225E}.Release|Any CPU.ActiveCfg = Release|Any CPU
		{16A67AE5-55D1-4D62-B595-D18882C7225E}.Release|Any CPU.Build.0 = Release|Any CPU
		{16A67AE5-55D1-4D62-B595-D18882C7225E}.Release|iPhone.ActiveCfg = Release|Any CPU
		{16A67AE5-55D1-4D62-B595-D18882C7225E}.Release|iPhone.Build.0 = Release|Any CPU
		{16A67AE5-55D1-4D62-B595-D18882C7225E}.Release|iPhoneSimulator.ActiveCfg = Release|Any CPU
		{16A67AE5-55D1-4D62-B595-D18882C7225E}.Release|iPhoneSimulator.Build.0 = Release|Any CPU
	EndGlobalSection
	GlobalSection(SolutionProperties) = preSolution
		HideSolutionNode = FALSE
	EndGlobalSection
	GlobalSection(ExtensibilityGlobals) = postSolution
		SolutionGuid = {DFC88EC3-F2A2-4D73-8148-F4EBDD69B33E}
	EndGlobalSection
EndGlobal
